
Microsoft Visual Studio Solution File, Format Version 12.00
# Visual Studio Version 17
VisualStudioVersion = 17.4.33213.308
MinimumVisualStudioVersion = 10.0.40219.1
Project("{FAE04EC0-301F-11D3-BF4B-00C04F79EFBC}") = "BankTest", "BankTest\BankTest.csproj", "{A423C855-228D-48DB-A68C-C126818B4276}"
EndProject
Project("{FAE04EC0-301F-11D3-BF4B-00C04F79EFBC}") = "Bank1", "Bank1\Bank1.csproj", "{3FBF27AA-97C9-49E2-B23A-0B677308218E}"
EndProject
Global
	GlobalSection(SolutionConfigurationPlatforms) = preSolution
		Debug|Any CPU = Debug|Any CPU
		Release|Any CPU = Release|Any CPU
	EndGlobalSection
	GlobalSection(ProjectConfigurationPlatforms) = postSolution
		{A423C855-228D-48DB-A68C-C126818B4276}.Debug|Any CPU.ActiveCfg = Debug|Any CPU
		{A423C855-228D-48DB-A68C-C126818B4276}.Debug|Any CPU.Build.0 = Debug|Any CPU
		{A423C855-228D-48DB-A68C-C126818B4276}.Release|Any CPU.ActiveCfg = Release|Any CPU
		{A423C855-228D-48DB-A68C-C126818B4276}.Release|Any CPU.Build.0 = Release|Any CPU
		{3FBF27AA-97C9-49E2-B23A-0B677308218E}.Debug|Any CPU.ActiveCfg = Debug|Any CPU
		{3FBF27AA-97C9-49E2-B23A-0B677308218E}.Debug|Any CPU.Build.0 = Debug|Any CPU
		{3FBF27AA-97C9-49E2-B23A-0B677308218E}.Release|Any CPU.ActiveCfg = Release|Any CPU
		{3FBF27AA-97C9-49E2-B23A-0B677308218E}.Release|Any CPU.Build.0 = Release|Any CPU
	EndGlobalSection
	GlobalSection(SolutionProperties) = preSolution
		HideSolutionNode = FALSE
	EndGlobalSection
	GlobalSection(ExtensibilityGlobals) = postSolution
		SolutionGuid = {F0BEB081-79A2-4389-A84D-A3AAE69C1E20}
	EndGlobalSection
EndGlobal
